
Microsoft Visual Studio Solution File, Format Version 12.00
# Visual Studio Version 17
VisualStudioVersion = 17.9.34622.214
MinimumVisualStudioVersion = 10.0.40219.1
Project("{FAE04EC0-301F-11D3-BF4B-00C04F79EFBC}") = "Client", "Client\Client.csproj", "{5CCABC76-C3D9-4016-9CE9-35C0992E49FB}"
EndProject
Project("{FAE04EC0-301F-11D3-BF4B-00C04F79EFBC}") = "Server", "Server\Server.csproj", "{095E8B62-9787-4D4E-99F9-10F3EB7CB5B2}"
EndProject
Global
	GlobalSection(SolutionConfigurationPlatforms) = preSolution
		Debug|Any CPU = Debug|Any CPU
		Release|Any CPU = Release|Any CPU
	EndGlobalSection
	GlobalSection(ProjectConfigurationPlatforms) = postSolution
		{5CCABC76-C3D9-4016-9CE9-35C0992E49FB}.Debug|Any CPU.ActiveCfg = Debug|Any CPU
		{5CCABC76-C3D9-4016-9CE9-35C0992E49FB}.Debug|Any CPU.Build.0 = Debug|Any CPU
		{5CCABC76-C3D9-4016-9CE9-35C0992E49FB}.Release|Any CPU.ActiveCfg = Release|Any CPU
		{5CCABC76-C3D9-4016-9CE9-35C0992E49FB}.Release|Any CPU.Build.0 = Release|Any CPU
		{095E8B62-9787-4D4E-99F9-10F3EB7CB5B2}.Debug|Any CPU.ActiveCfg = Debug|Any CPU
		{095E8B62-9787-4D4E-99F9-10F3EB7CB5B2}.Debug|Any CPU.Build.0 = Debug|Any CPU
		{095E8B62-9787-4D4E-99F9-10F3EB7CB5B2}.Release|Any CPU.ActiveCfg = Release|Any CPU
		{095E8B62-9787-4D4E-99F9-10F3EB7CB5B2}.Release|Any CPU.Build.0 = Release|Any CPU
	EndGlobalSection
	GlobalSection(SolutionProperties) = preSolution
		HideSolutionNode = FALSE
	EndGlobalSection
	GlobalSection(ExtensibilityGlobals) = postSolution
		SolutionGuid = {996366E7-F708-4F01-B1B3-00DC4C292AEC}
	EndGlobalSection
EndGlobal
